
Microsoft Visual Studio Solution File, Format Version 12.00
# Visual Studio 15
VisualStudioVersion = 15.0.28307.1259
MinimumVisualStudioVersion = 10.0.40219.1
Project("{FAE04EC0-301F-11D3-BF4B-00C04F79EFBC}") = "ChaynsHelper", "ChaynsHelper\ChaynsHelper.csproj", "{1221743D-C431-4780-8DA9-B7834F6269DD}"
EndProject
Global
	GlobalSection(SolutionConfigurationPlatforms) = preSolution
		Debug|Any CPU = Debug|Any CPU
		Release|Any CPU = Release|Any CPU
	EndGlobalSection
	GlobalSection(ProjectConfigurationPlatforms) = postSolution
		{1221743D-C431-4780-8DA9-B7834F6269DD}.Debug|Any CPU.ActiveCfg = Debug|Any CPU
		{1221743D-C431-4780-8DA9-B7834F6269DD}.Debug|Any CPU.Build.0 = Debug|Any CPU
		{1221743D-C431-4780-8DA9-B7834F6269DD}.Release|Any CPU.ActiveCfg = Release|Any CPU
		{1221743D-C431-4780-8DA9-B7834F6269DD}.Release|Any CPU.Build.0 = Release|Any CPU
	EndGlobalSection
	GlobalSection(SolutionProperties) = preSolution
		HideSolutionNode = FALSE
	EndGlobalSection
	GlobalSection(ExtensibilityGlobals) = postSolution
		SolutionGuid = {7BEEAABD-377B-47BC-9788-EA2B2AF0B191}
	EndGlobalSection
EndGlobal
